
Microsoft Visual Studio Solution File, Format Version 12.00
# Visual Studio Version 16
VisualStudioVersion = 16.0.808.6
MinimumVisualStudioVersion = 10.0.40219.1
Project("{FAE04EC0-301F-11D3-BF4B-00C04F79EFBC}") = "TentapluggVT", "TentapluggVT\TentapluggVT.csproj", "{63CD6A60-81E8-4B19-AACB-30F39A50E7CE}"
EndProject
Global
	GlobalSection(SolutionConfigurationPlatforms) = preSolution
		Debug|Any CPU = Debug|Any CPU
		Release|Any CPU = Release|Any CPU
	EndGlobalSection
	GlobalSection(ProjectConfigurationPlatforms) = postSolution
		{63CD6A60-81E8-4B19-AACB-30F39A50E7CE}.Debug|Any CPU.ActiveCfg = Debug|Any CPU
		{63CD6A60-81E8-4B19-AACB-30F39A50E7CE}.Debug|Any CPU.Build.0 = Debug|Any CPU
		{63CD6A60-81E8-4B19-AACB-30F39A50E7CE}.Release|Any CPU.ActiveCfg = Release|Any CPU
		{63CD6A60-81E8-4B19-AACB-30F39A50E7CE}.Release|Any CPU.Build.0 = Release|Any CPU
	EndGlobalSection
	GlobalSection(SolutionProperties) = preSolution
		HideSolutionNode = FALSE
	EndGlobalSection
	GlobalSection(ExtensibilityGlobals) = postSolution
		SolutionGuid = {2F80E235-EF02-4E23-9E31-6DC60C58CC0A}
	EndGlobalSection
EndGlobal
